PODS:
  - FSAttributedString (1.0.0)
  - FSGridView (1.0.0)
  - Masonry (1.1.0)

DEPENDENCIES:
  - FSAttributedString
  - FSGridView (from `./`)
  - Masonry

SPEC REPOS:
  trunk:
    - FSAttributedString
    - Masonry

EXTERNAL SOURCES:
  FSGridView:
    :path: "./"

SPEC CHECKSUMS:
  FSAttributedString: 5843c92c93e7b99e060e9b71f677b15fefa8824d
  FSGridView: bd84c8a91f9beed885e1e5de00803ac086b81906
  Masonry: 678fab65091a9290e40e2832a55e7ab731aad201

PODFILE CHECKSUM: b9bef28d18965ca401881cd804af896f1da93afa

COCOAPODS: 1.9.1
